
Microsoft Visual Studio Solution File, Format Version 12.00
# Visual Studio Version 16
VisualStudioVersion = 16.0.31702.278
MinimumVisualStudioVersion = 10.0.40219.1
Project("{FAE04EC0-301F-11D3-BF4B-00C04F79EFBC}") = "Playermodel", "Playermodel.csproj", "{31D0E997-36E6-4C6A-872D-1B488E4F26C6}"
EndProject
Global
	GlobalSection(SolutionConfigurationPlatforms) = preSolution
		Debug|Any CPU = Debug|Any CPU
		Release|Any CPU = Release|Any CPU
	EndGlobalSection
	GlobalSection(ProjectConfigurationPlatforms) = postSolution
		{31D0E997-36E6-4C6A-872D-1B488E4F26C6}.Debug|Any CPU.ActiveCfg = Debug|Any CPU
		{31D0E997-36E6-4C6A-872D-1B488E4F26C6}.Debug|Any CPU.Build.0 = Debug|Any CPU
		{31D0E997-36E6-4C6A-872D-1B488E4F26C6}.Release|Any CPU.ActiveCfg = Release|Any CPU
		{31D0E997-36E6-4C6A-872D-1B488E4F26C6}.Release|Any CPU.Build.0 = Release|Any CPU
	EndGlobalSection
	GlobalSection(SolutionProperties) = preSolution
		HideSolutionNode = FALSE
	EndGlobalSection
	GlobalSection(ExtensibilityGlobals) = postSolution
		SolutionGuid = {EE64EA5B-DDB2-4974-AF63-EFD73F355518}
	EndGlobalSection
EndGlobal
